
Microsoft Visual Studio Solution File, Format Version 12.00
# Visual Studio Version 17
VisualStudioVersion = 17.7.34202.233
MinimumVisualStudioVersion = 10.0.40219.1
Project("{FAE04EC0-301F-11D3-BF4B-00C04F79EFBC}") = "DoanMonhoc_WebCayCanh", "DoanMonhoc_WebCayCanh\DoanMonhoc_WebCayCanh.csproj", "{C4C60785-2E40-4307-899E-5793C8AF6311}"
EndProject
Global
	GlobalSection(SolutionConfigurationPlatforms) = preSolution
		Debug|Any CPU = Debug|Any CPU
		Release|Any CPU = Release|Any CPU
	EndGlobalSection
	GlobalSection(ProjectConfigurationPlatforms) = postSolution
		{C4C60785-2E40-4307-899E-5793C8AF6311}.Debug|Any CPU.ActiveCfg = Debug|Any CPU
		{C4C60785-2E40-4307-899E-5793C8AF6311}.Debug|Any CPU.Build.0 = Debug|Any CPU
		{C4C60785-2E40-4307-899E-5793C8AF6311}.Release|Any CPU.ActiveCfg = Release|Any CPU
		{C4C60785-2E40-4307-899E-5793C8AF6311}.Release|Any CPU.Build.0 = Release|Any CPU
	EndGlobalSection
	GlobalSection(SolutionProperties) = preSolution
		HideSolutionNode = FALSE
	EndGlobalSection
	GlobalSection(ExtensibilityGlobals) = postSolution
		SolutionGuid = {4AA47877-2AF9-4F41-8547-0ECCD69B42D8}
	EndGlobalSection
EndGlobal
